PODS:
  - Cartography (4.0.0)
  - Differentiator (3.1.0)
  - RxAnimated (0.5.0):
    - RxAnimated/Core (= 0.5.0)
    - RxCocoa (~> 4.3)
    - RxSwift (~> 4.3)
  - RxAnimated/Core (0.5.0):
    - RxCocoa (~> 4.3)
    - RxSwift (~> 4.3)
  - RxCocoa (4.5.0):
    - RxSwift (>= 4.4.2, ~> 4.4)
  - RxDataSources (3.1.0):
    - Differentiator (~> 3.0)
    - RxCocoa (~> 4.0)
    - RxSwift (~> 4.0)
  - RxGesture (2.2.0):
    - RxCocoa (~> 4.5)
    - RxSwift (~> 4.5)
  - RxKeyboard (0.9.0):
    - RxCocoa (>= 4.3.1)
    - RxSwift (>= 4.3.1)
  - RxSwift (4.5.0)

DEPENDENCIES:
  - Cartography
  - RxAnimated
  - RxCocoa
  - RxDataSources
  - RxGesture
  - RxKeyboard
  - RxSwift

SPEC REPOS:
  https://github.com/cocoapods/specs.git:
    - Cartography
    - Differentiator
    - RxAnimated
    - RxCocoa
    - RxDataSources
    - RxGesture
    - RxKeyboard
    - RxSwift

SPEC CHECKSUMS:
  Cartography: c5626d29056b20f1e95c017326ee4df57cc39ad8
  Differentiator: be49ca3408f0ecfc761e4c7763d20c62be01b9ad
  RxAnimated: 57a731e59557219480fb3dd86d965d977d863fc6
  RxCocoa: cbf70265dc65a981d4ac982e513c10cf23df24a0
  RxDataSources: a843bad90c29817f5923ec8163f4af2de084ceb3
  RxGesture: c1b7bf17166b0ef9d642a9510f8bac5785f18990
  RxKeyboard: 4f782303f499f41577b41c96c6a9a5d7acd51a47
  RxSwift: f172070dfd1a93d70a9ab97a5a01166206e1c575

PODFILE CHECKSUM: 688bfe699a37024e1b81ac4dc804cb172321bd64

COCOAPODS: 1.6.1
