// !$*UTF8*$!
{
	archiveVersion = 1;
	classes = {
	};
	objectVersion = 51;
	objects = {

/* Begin PBXBuildFile section */
		16377AC322ABA6DB003AD022 /* TabBarController.swift in Sources */ = {isa = PBXBuildFile; fileRef = 16377AC222ABA6DB003AD022 /* TabBarController.swift */; };
		16377AC622ABA94F003AD022 /* GamePathVC.swift in Sources */ = {isa = PBXBuildFile; fileRef = 16377AC522ABA94F003AD022 /* GamePathVC.swift */; };
		16377AC822ABA95E003AD022 /* SettingsVC.swift in Sources */ = {isa = PBXBuildFile; fileRef = 16377AC722ABA95E003AD022 /* SettingsVC.swift */; };
		16377ACA22ABA9B0003AD022 /* ToolsVC.swift in Sources */ = {isa = PBXBuildFile; fileRef = 16377AC922ABA9B0003AD022 /* ToolsVC.swift */; };
		16377AD122ABACD8003AD022 /* localization.strings in Resources */ = {isa = PBXBuildFile; fileRef = 16377AD322ABACD8003AD022 /* localization.strings */; };
		16377AD622ABADA5003AD022 /* loc.swift in Sources */ = {isa = PBXBuildFile; fileRef = 16377AD522ABADA5003AD022 /* loc.swift */; };
		16377AD822ABAF95003AD022 /* NavigationVC.swift in Sources */ = {isa = PBXBuildFile; fileRef = 16377AD722ABAF95003AD022 /* NavigationVC.swift */; };
		16377ADC22ABB29C003AD022 /* ToolsCollectionView.swift in Sources */ = {isa = PBXBuildFile; fileRef = 16377ADB22ABB29C003AD022 /* ToolsCollectionView.swift */; };
		16377ADF22ABB4F6003AD022 /* ToolsVM.swift in Sources */ = {isa = PBXBuildFile; fileRef = 16377ADE22ABB4F6003AD022 /* ToolsVM.swift */; };
		16377AE322ABB56A003AD022 /* ToolModel.swift in Sources */ = {isa = PBXBuildFile; fileRef = 16377AE222ABB56A003AD022 /* ToolModel.swift */; };
		16377AE522ABB72E003AD022 /* VCNavigation.swift in Sources */ = {isa = PBXBuildFile; fileRef = 16377AE422ABB72E003AD022 /* VCNavigation.swift */; };
		16377AE722ABB950003AD022 /* BadgeView.swift in Sources */ = {isa = PBXBuildFile; fileRef = 16377AE622ABB94F003AD022 /* BadgeView.swift */; };
		16377AE922ABB9D5003AD022 /* EnergyBar.swift in Sources */ = {isa = PBXBuildFile; fileRef = 16377AE822ABB9D5003AD022 /* EnergyBar.swift */; };
		16377AF222ABC3DC003AD022 /* ReusableView.swift in Sources */ = {isa = PBXBuildFile; fileRef = 16377AF122ABC3DC003AD022 /* ReusableView.swift */; };
		16D852E522ABE0F800C4D38F /* Colors.swift in Sources */ = {isa = PBXBuildFile; fileRef = 16D852E422ABE0F800C4D38F /* Colors.swift */; };
		16D852E722ABE76B00C4D38F /* String+extension.swift in Sources */ = {isa = PBXBuildFile; fileRef = 16D852E622ABE76B00C4D38F /* String+extension.swift */; };
		16D852E922ABEF7500C4D38F /* SegmentedControl.swift in Sources */ = {isa = PBXBuildFile; fileRef = 16D852E822ABEF7500C4D38F /* SegmentedControl.swift */; };
		16D852EC22ABF08C00C4D38F /* KnowledgeVC.swift in Sources */ = {isa = PBXBuildFile; fileRef = 16D852EB22ABF08C00C4D38F /* KnowledgeVC.swift */; };
		16D852EE22ABF09C00C4D38F /* KnowledgeVM.swift in Sources */ = {isa = PBXBuildFile; fileRef = 16D852ED22ABF09C00C4D38F /* KnowledgeVM.swift */; };
		16D852F022ABF0AB00C4D38F /* KnowledgeModel.swift in Sources */ = {isa = PBXBuildFile; fileRef = 16D852EF22ABF0AB00C4D38F /* KnowledgeModel.swift */; };
		16D852F222ABF12100C4D38F /* KnowledgeCollectionView.swift in Sources */ = {isa = PBXBuildFile; fileRef = 16D852F122ABF12100C4D38F /* KnowledgeCollectionView.swift */; };
		16D852FB22ABF55000C4D38F /* CardCollectionCell.swift in Sources */ = {isa = PBXBuildFile; fileRef = 16D852FA22ABF55000C4D38F /* CardCollectionCell.swift */; };
		16D852FD22AC04CB00C4D38F /* BaseVC.swift in Sources */ = {isa = PBXBuildFile; fileRef = 16D852FC22AC04CB00C4D38F /* BaseVC.swift */; };
		16F78DF522AB93BD0000DCCD /* AppDelegate.swift in Sources */ = {isa = PBXBuildFile; fileRef = 16F78DF422AB93BD0000DCCD /* AppDelegate.swift */; };
		16F78DFA22AB93BD0000DCCD /* Main.storyboard in Resources */ = {isa = PBXBuildFile; fileRef = 16F78DF822AB93BD0000DCCD /* Main.storyboard */; };
		16F78DFC22AB93BE0000DCCD /* Assets.xcassets in Resources */ = {isa = PBXBuildFile; fileRef = 16F78DFB22AB93BE0000DCCD /* Assets.xcassets */; };
		16F78DFF22AB93BE0000DCCD /* LaunchScreen.storyboard in Resources */ = {isa = PBXBuildFile; fileRef = 16F78DFD22AB93BE0000DCCD /* LaunchScreen.storyboard */; };
		16F78E0A22AB93BE0000DCCD /* NovaTests.swift in Sources */ = {isa = PBXBuildFile; fileRef = 16F78E0922AB93BE0000DCCD /* NovaTests.swift */; };
		16F78E1522AB93BE0000DCCD /* NovaUITests.swift in Sources */ = {isa = PBXBuildFile; fileRef = 16F78E1422AB93BE0000DCCD /* NovaUITests.swift */; };
		2398C71322ABD853007A5421 /* NovaTopBar.xib in Resources */ = {isa = PBXBuildFile; fileRef = 2398C71222ABD853007A5421 /* NovaTopBar.xib */; };
		2398C71522ABD866007A5421 /* NovaTopBar.swift in Sources */ = {isa = PBXBuildFile; fileRef = 2398C71422ABD866007A5421 /* NovaTopBar.swift */; };
		2398C71722ABD87D007A5421 /* RoundButton.swift in Sources */ = {isa = PBXBuildFile; fileRef = 2398C71622ABD87D007A5421 /* RoundButton.swift */; };
		2398C71922ABD887007A5421 /* RoundView.swift in Sources */ = {isa = PBXBuildFile; fileRef = 2398C71822ABD887007A5421 /* RoundView.swift */; };
		2398C71D22ABF750007A5421 /* GameFieldView.xib in Resources */ = {isa = PBXBuildFile; fileRef = 2398C71C22ABF750007A5421 /* GameFieldView.xib */; };
		2398C72122AC11F4007A5421 /* UIView+extension.swift in Sources */ = {isa = PBXBuildFile; fileRef = 2398C72022AC11F4007A5421 /* UIView+extension.swift */; };
		2398C72322AC134E007A5421 /* GameFieldView.swift in Sources */ = {isa = PBXBuildFile; fileRef = 2398C72222AC134E007A5421 /* GameFieldView.swift */; };
		2398C72522AC21DF007A5421 /* TestVC.swift in Sources */ = {isa = PBXBuildFile; fileRef = 2398C72422AC21DF007A5421 /* TestVC.swift */; };
		D60E9274EE0A7E299B677595 /* Pods_Nova.framework in Frameworks */ = {isa = PBXBuildFile; fileRef = CF4F0E090FF52F6AE552B315 /* Pods_Nova.framework */; };
/* End PBXBuildFile section */

/* Begin PBXContainerItemProxy section */
		16F78E0622AB93BE0000DCCD /* PBXContainerItemProxy */ = {
			isa = PBXContainerItemProxy;
			containerPortal = 16F78DE922AB93BD0000DCCD /* Project object */;
			proxyType = 1;
			remoteGlobalIDString = 16F78DF022AB93BD0000DCCD;
			remoteInfo = Nova;
		};
		16F78E1122AB93BE0000DCCD /* PBXContainerItemProxy */ = {
			isa = PBXContainerItemProxy;
			containerPortal = 16F78DE922AB93BD0000DCCD /* Project object */;
			proxyType = 1;
			remoteGlobalIDString = 16F78DF022AB93BD0000DCCD;
			remoteInfo = Nova;
		};
/* End PBXContainerItemProxy section */

/* Begin PBXFileReference section */
		16377AC222ABA6DB003AD022 /* TabBarController.swift */ = {isa = PBXFileReference; lastKnownFileType = sourcecode.swift; path = TabBarController.swift; sourceTree = "<group>"; };
		16377AC522ABA94F003AD022 /* GamePathVC.swift */ = {isa = PBXFileReference; lastKnownFileType = sourcecode.swift; path = GamePathVC.swift; sourceTree = "<group>"; };
		16377AC722ABA95E003AD022 /* SettingsVC.swift */ = {isa = PBXFileReference; lastKnownFileType = sourcecode.swift; path = SettingsVC.swift; sourceTree = "<group>"; };
		16377AC922ABA9B0003AD022 /* ToolsVC.swift */ = {isa = PBXFileReference; lastKnownFileType = sourcecode.swift; path = ToolsVC.swift; sourceTree = "<group>"; };
		16377AD222ABACD8003AD022 /* en */ = {isa = PBXFileReference; lastKnownFileType = text.plist.strings; name = en; path = en.lproj/localization.strings; sourceTree = "<group>"; };
		16377AD422ABACF0003AD022 /* ru */ = {isa = PBXFileReference; lastKnownFileType = text.plist.strings; name = ru; path = ru.lproj/localization.strings; sourceTree = "<group>"; };
		16377AD522ABADA5003AD022 /* loc.swift */ = {isa = PBXFileReference; lastKnownFileType = sourcecode.swift; path = loc.swift; sourceTree = "<group>"; };
		16377AD722ABAF95003AD022 /* NavigationVC.swift */ = {isa = PBXFileReference; lastKnownFileType = sourcecode.swift; path = NavigationVC.swift; sourceTree = "<group>"; };
		16377ADB22ABB29C003AD022 /* ToolsCollectionView.swift */ = {isa = PBXFileReference; lastKnownFileType = sourcecode.swift; path = ToolsCollectionView.swift; sourceTree = "<group>"; };
		16377ADE22ABB4F6003AD022 /* ToolsVM.swift */ = {isa = PBXFileReference; lastKnownFileType = sourcecode.swift; path = ToolsVM.swift; sourceTree = "<group>"; };
		16377AE222ABB56A003AD022 /* ToolModel.swift */ = {isa = PBXFileReference; lastKnownFileType = sourcecode.swift; path = ToolModel.swift; sourceTree = "<group>"; };
		16377AE422ABB72E003AD022 /* VCNavigation.swift */ = {isa = PBXFileReference; lastKnownFileType = sourcecode.swift; path = VCNavigation.swift; sourceTree = "<group>"; };
		16377AE622ABB94F003AD022 /* BadgeView.swift */ = {isa = PBXFileReference; lastKnownFileType = sourcecode.swift; path = BadgeView.swift; sourceTree = "<group>"; };
		16377AE822ABB9D5003AD022 /* EnergyBar.swift */ = {isa = PBXFileReference; lastKnownFileType = sourcecode.swift; path = EnergyBar.swift; sourceTree = "<group>"; };
		16377AF122ABC3DC003AD022 /* ReusableView.swift */ = {isa = PBXFileReference; lastKnownFileType = sourcecode.swift; path = ReusableView.swift; sourceTree = "<group>"; };
		16D852E422ABE0F800C4D38F /* Colors.swift */ = {isa = PBXFileReference; lastKnownFileType = sourcecode.swift; path = Colors.swift; sourceTree = "<group>"; };
		16D852E622ABE76B00C4D38F /* String+extension.swift */ = {isa = PBXFileReference; lastKnownFileType = sourcecode.swift; path = "String+extension.swift"; sourceTree = "<group>"; };
		16D852E822ABEF7500C4D38F /* SegmentedControl.swift */ = {isa = PBXFileReference; lastKnownFileType = sourcecode.swift; path = SegmentedControl.swift; sourceTree = "<group>"; };
		16D852EB22ABF08C00C4D38F /* KnowledgeVC.swift */ = {isa = PBXFileReference; lastKnownFileType = sourcecode.swift; path = KnowledgeVC.swift; sourceTree = "<group>"; };
		16D852ED22ABF09C00C4D38F /* KnowledgeVM.swift */ = {isa = PBXFileReference; lastKnownFileType = sourcecode.swift; path = KnowledgeVM.swift; sourceTree = "<group>"; };
		16D852EF22ABF0AB00C4D38F /* KnowledgeModel.swift */ = {isa = PBXFileReference; lastKnownFileType = sourcecode.swift; path = KnowledgeModel.swift; sourceTree = "<group>"; };
		16D852F122ABF12100C4D38F /* KnowledgeCollectionView.swift */ = {isa = PBXFileReference; lastKnownFileType = sourcecode.swift; path = KnowledgeCollectionView.swift; sourceTree = "<group>"; };
		16D852FA22ABF55000C4D38F /* CardCollectionCell.swift */ = {isa = PBXFileReference; lastKnownFileType = sourcecode.swift; path = CardCollectionCell.swift; sourceTree = "<group>"; };
		16D852FC22AC04CB00C4D38F /* BaseVC.swift */ = {isa = PBXFileReference; lastKnownFileType = sourcecode.swift; path = BaseVC.swift; sourceTree = "<group>"; };
		16F78DF122AB93BD0000DCCD /* Nova.app */ = {isa = PBXFileReference; explicitFileType = wrapper.application; includeInIndex = 0; path = Nova.app; sourceTree = BUILT_PRODUCTS_DIR; };
		16F78DF422AB93BD0000DCCD /* AppDelegate.swift */ = {isa = PBXFileReference; lastKnownFileType = sourcecode.swift; path = AppDelegate.swift; sourceTree = "<group>"; };
		16F78DF922AB93BD0000DCCD /* Base */ = {isa = PBXFileReference; lastKnownFileType = file.storyboard; name = Base; path = Base.lproj/Main.storyboard; sourceTree = "<group>"; };
		16F78DFB22AB93BE0000DCCD /* Assets.xcassets */ = {isa = PBXFileReference; lastKnownFileType = folder.assetcatalog; path = Assets.xcassets; sourceTree = "<group>"; };
		16F78DFE22AB93BE0000DCCD /* Base */ = {isa = PBXFileReference; lastKnownFileType = file.storyboard; name = Base; path = Base.lproj/LaunchScreen.storyboard; sourceTree = "<group>"; };
		16F78E0022AB93BE0000DCCD /* Info.plist */ = {isa = PBXFileReference; lastKnownFileType = text.plist.xml; path = Info.plist; sourceTree = "<group>"; };
		16F78E0522AB93BE0000DCCD /* NovaTests.xctest */ = {isa = PBXFileReference; explicitFileType = wrapper.cfbundle; includeInIndex = 0; path = NovaTests.xctest; sourceTree = BUILT_PRODUCTS_DIR; };
		16F78E0922AB93BE0000DCCD /* NovaTests.swift */ = {isa = PBXFileReference; lastKnownFileType = sourcecode.swift; path = NovaTests.swift; sourceTree = "<group>"; };
		16F78E0B22AB93BE0000DCCD /* Info.plist */ = {isa = PBXFileReference; lastKnownFileType = text.plist.xml; path = Info.plist; sourceTree = "<group>"; };
		16F78E1022AB93BE0000DCCD /* NovaUITests.xctest */ = {isa = PBXFileReference; explicitFileType = wrapper.cfbundle; includeInIndex = 0; path = NovaUITests.xctest; sourceTree = BUILT_PRODUCTS_DIR; };
		16F78E1422AB93BE0000DCCD /* NovaUITests.swift */ = {isa = PBXFileReference; lastKnownFileType = sourcecode.swift; path = NovaUITests.swift; sourceTree = "<group>"; };
		16F78E1622AB93BE0000DCCD /* Info.plist */ = {isa = PBXFileReference; lastKnownFileType = text.plist.xml; path = Info.plist; sourceTree = "<group>"; };
		2398C71222ABD853007A5421 /* NovaTopBar.xib */ = {isa = PBXFileReference; lastKnownFileType = file.xib; path = NovaTopBar.xib; sourceTree = "<group>"; };
		2398C71422ABD866007A5421 /* NovaTopBar.swift */ = {isa = PBXFileReference; lastKnownFileType = sourcecode.swift; path = NovaTopBar.swift; sourceTree = "<group>"; };
		2398C71622ABD87D007A5421 /* RoundButton.swift */ = {isa = PBXFileReference; lastKnownFileType = sourcecode.swift; path = RoundButton.swift; sourceTree = "<group>"; };
		2398C71822ABD887007A5421 /* RoundView.swift */ = {isa = PBXFileReference; lastKnownFileType = sourcecode.swift; path = RoundView.swift; sourceTree = "<group>"; };
		2398C71C22ABF750007A5421 /* GameFieldView.xib */ = {isa = PBXFileReference; lastKnownFileType = file.xib; path = GameFieldView.xib; sourceTree = "<group>"; };
		2398C72022AC11F4007A5421 /* UIView+extension.swift */ = {isa = PBXFileReference; lastKnownFileType = sourcecode.swift; path = "UIView+extension.swift"; sourceTree = "<group>"; };
		2398C72222AC134E007A5421 /* GameFieldView.swift */ = {isa = PBXFileReference; lastKnownFileType = sourcecode.swift; path = GameFieldView.swift; sourceTree = "<group>"; };
		2398C72422AC21DF007A5421 /* TestVC.swift */ = {isa = PBXFileReference; lastKnownFileType = sourcecode.swift; path = TestVC.swift; sourceTree = "<group>"; };
		74D99C34B9938F81AB884C2B /* Pods-Nova.release.xcconfig */ = {isa = PBXFileReference; includeInIndex = 1; lastKnownFileType = text.xcconfig; name = "Pods-Nova.release.xcconfig"; path = "Pods/Target Support Files/Pods-Nova/Pods-Nova.release.xcconfig"; sourceTree = "<group>"; };
		776208118B136AC13DAB5F35 /* Pods-Nova.debug.xcconfig */ = {isa = PBXFileReference; includeInIndex = 1; lastKnownFileType = text.xcconfig; name = "Pods-Nova.debug.xcconfig"; path = "Pods/Target Support Files/Pods-Nova/Pods-Nova.debug.xcconfig"; sourceTree = "<group>"; };
		784A578BF499E1BC9CC12DA0 /* Pods-Nova.debug.xcconfig */ = {isa = PBXFileReference; includeInIndex = 1; lastKnownFileType = text.xcconfig; name = "Pods-Nova.debug.xcconfig"; path = "Target Support Files/Pods-Nova/Pods-Nova.debug.xcconfig"; sourceTree = "<group>"; };
		CF4F0E090FF52F6AE552B315 /* Pods_Nova.framework */ = {isa = PBXFileReference; explicitFileType = wrapper.framework; includeInIndex = 0; path = Pods_Nova.framework; sourceTree = BUILT_PRODUCTS_DIR; };
		D15DF0B31F114203AD95C06E /* Pods-Nova.release.xcconfig */ = {isa = PBXFileReference; includeInIndex = 1; lastKnownFileType = text.xcconfig; name = "Pods-Nova.release.xcconfig"; path = "Target Support Files/Pods-Nova/Pods-Nova.release.xcconfig"; sourceTree = "<group>"; };
/* End PBXFileReference section */

/* Begin PBXFrameworksBuildPhase section */
		16F78DEE22AB93BD0000DCCD /* Frameworks */ = {
			isa = PBXFrameworksBuildPhase;
			buildActionMask = 2147483647;
			files = (
				D60E9274EE0A7E299B677595 /* Pods_Nova.framework in Frameworks */,
			);
			runOnlyForDeploymentPostprocessing = 0;
		};
		16F78E0222AB93BE0000DCCD /* Frameworks */ = {
			isa = PBXFrameworksBuildPhase;
			buildActionMask = 2147483647;
			files = (
			);
			runOnlyForDeploymentPostprocessing = 0;
		};
		16F78E0D22AB93BE0000DCCD /* Frameworks */ = {
			isa = PBXFrameworksBuildPhase;
			buildActionMask = 2147483647;
			files = (
			);
			runOnlyForDeploymentPostprocessing = 0;
		};
/* End PBXFrameworksBuildPhase section */

/* Begin PBXGroup section */
		16377AC422ABA93A003AD022 /* Controllers */ = {
			isa = PBXGroup;
			children = (
				16377AC222ABA6DB003AD022 /* TabBarController.swift */,
				16D852FC22AC04CB00C4D38F /* BaseVC.swift */,
				16377AD722ABAF95003AD022 /* NavigationVC.swift */,
				16377AC522ABA94F003AD022 /* GamePathVC.swift */,
				16377AD522ABADA5003AD022 /* loc.swift */,
			);
			path = Controllers;
			sourceTree = "<group>";
		};
		16377AD922ABB249003AD022 /* SupportinsFiles */ = {
			isa = PBXGroup;
			children = (
				16377AD322ABACD8003AD022 /* localization.strings */,
				16F78DF822AB93BD0000DCCD /* Main.storyboard */,
				16F78DFB22AB93BE0000DCCD /* Assets.xcassets */,
				16F78DFD22AB93BE0000DCCD /* LaunchScreen.storyboard */,
				16F78E0022AB93BE0000DCCD /* Info.plist */,
			);
			path = SupportinsFiles;
			sourceTree = "<group>";
		};
		16377ADD22ABB4E2003AD022 /* ViewModels */ = {
			isa = PBXGroup;
			children = (
			);
			path = ViewModels;
			sourceTree = "<group>";
		};
		16377AE022ABB538003AD022 /* Tools */ = {
			isa = PBXGroup;
			children = (
				16377ADE22ABB4F6003AD022 /* ToolsVM.swift */,
				16377AC922ABA9B0003AD022 /* ToolsVC.swift */,
				16377AE222ABB56A003AD022 /* ToolModel.swift */,
				16377ADB22ABB29C003AD022 /* ToolsCollectionView.swift */,
			);
			path = Tools;
			sourceTree = "<group>";
		};
		16377AEE22ABBFEE003AD022 /* Views */ = {
			isa = PBXGroup;
			children = (
				16377AE622ABB94F003AD022 /* BadgeView.swift */,
				16377AE422ABB72E003AD022 /* VCNavigation.swift */,
				16377AE822ABB9D5003AD022 /* EnergyBar.swift */,
				16377AF122ABC3DC003AD022 /* ReusableView.swift */,
				16D852E822ABEF7500C4D38F /* SegmentedControl.swift */,
			);
			path = Views;
			sourceTree = "<group>";
		};
		16D852EA22ABF06D00C4D38F /* Knowledge */ = {
			isa = PBXGroup;
			children = (
				16D852EB22ABF08C00C4D38F /* KnowledgeVC.swift */,
				16D852ED22ABF09C00C4D38F /* KnowledgeVM.swift */,
				16D852EF22ABF0AB00C4D38F /* KnowledgeModel.swift */,
				16D852F122ABF12100C4D38F /* KnowledgeCollectionView.swift */,
				16D852FA22ABF55000C4D38F /* CardCollectionCell.swift */,
			);
			path = Knowledge;
			sourceTree = "<group>";
		};
		16D852FE22AC06E500C4D38F /* Settings */ = {
			isa = PBXGroup;
			children = (
				16377AC722ABA95E003AD022 /* SettingsVC.swift */,
			);
			path = Settings;
			sourceTree = "<group>";
		};
		16F78DE822AB93BD0000DCCD = {
			isa = PBXGroup;
			children = (
				16F78DF322AB93BD0000DCCD /* Nova */,
				16F78E0822AB93BE0000DCCD /* NovaTests */,
				16F78E1322AB93BE0000DCCD /* NovaUITests */,
				16F78DF222AB93BD0000DCCD /* Products */,
				F2403FD21F6BDB5BF5D219C0 /* Pods */,
				AE6A8480900C57D62676A40F /* Frameworks */,
			);
			sourceTree = "<group>";
		};
		16F78DF222AB93BD0000DCCD /* Products */ = {
			isa = PBXGroup;
			children = (
				16F78DF122AB93BD0000DCCD /* Nova.app */,
				16F78E0522AB93BE0000DCCD /* NovaTests.xctest */,
				16F78E1022AB93BE0000DCCD /* NovaUITests.xctest */,
			);
			name = Products;
			sourceTree = "<group>";
		};
		16F78DF322AB93BD0000DCCD /* Nova */ = {
			isa = PBXGroup;
			children = (
				2398C71122ABD820007A5421 /* Components */,
				16F78DF422AB93BD0000DCCD /* AppDelegate.swift */,
				16D852E422ABE0F800C4D38F /* Colors.swift */,
				16D852E622ABE76B00C4D38F /* String+extension.swift */,
				16377AEE22ABBFEE003AD022 /* Views */,
				16D852FE22AC06E500C4D38F /* Settings */,
				16D852EA22ABF06D00C4D38F /* Knowledge */,
				16377AE022ABB538003AD022 /* Tools */,
				16377ADD22ABB4E2003AD022 /* ViewModels */,
				16377AC422ABA93A003AD022 /* Controllers */,
				16377AD922ABB249003AD022 /* SupportinsFiles */,
			);
			path = Nova;
			sourceTree = "<group>";
		};
		16F78E0822AB93BE0000DCCD /* NovaTests */ = {
			isa = PBXGroup;
			children = (
				16F78E0922AB93BE0000DCCD /* NovaTests.swift */,
				16F78E0B22AB93BE0000DCCD /* Info.plist */,
			);
			path = NovaTests;
			sourceTree = "<group>";
		};
		16F78E1322AB93BE0000DCCD /* NovaUITests */ = {
			isa = PBXGroup;
			children = (
				16F78E1422AB93BE0000DCCD /* NovaUITests.swift */,
				16F78E1622AB93BE0000DCCD /* Info.plist */,
			);
			path = NovaUITests;
			sourceTree = "<group>";
		};
		2398C71122ABD820007A5421 /* Components */ = {
			isa = PBXGroup;
			children = (
				2398C71222ABD853007A5421 /* NovaTopBar.xib */,
				2398C72022AC11F4007A5421 /* UIView+extension.swift */,
				2398C71422ABD866007A5421 /* NovaTopBar.swift */,
				2398C71622ABD87D007A5421 /* RoundButton.swift */,
				2398C71822ABD887007A5421 /* RoundView.swift */,
				2398C71C22ABF750007A5421 /* GameFieldView.xib */,
				2398C72222AC134E007A5421 /* GameFieldView.swift */,
				2398C72422AC21DF007A5421 /* TestVC.swift */,
			);
			path = Components;
			sourceTree = "<group>";
		};
		AE6A8480900C57D62676A40F /* Frameworks */ = {
			isa = PBXGroup;
			children = (
				CF4F0E090FF52F6AE552B315 /* Pods_Nova.framework */,
			);
			name = Frameworks;
			sourceTree = "<group>";
		};
		F2403FD21F6BDB5BF5D219C0 /* Pods */ = {
			isa = PBXGroup;
			children = (
				784A578BF499E1BC9CC12DA0 /* Pods-Nova.debug.xcconfig */,
				D15DF0B31F114203AD95C06E /* Pods-Nova.release.xcconfig */,
				776208118B136AC13DAB5F35 /* Pods-Nova.debug.xcconfig */,
				74D99C34B9938F81AB884C2B /* Pods-Nova.release.xcconfig */,
			);
			path = Pods;
			sourceTree = "<group>";
		};
/* End PBXGroup section */

/* Begin PBXNativeTarget section */
		16F78DF022AB93BD0000DCCD /* Nova */ = {
			isa = PBXNativeTarget;
			buildConfigurationList = 16F78E1922AB93BE0000DCCD /* Build configuration list for PBXNativeTarget "Nova" */;
			buildPhases = (
				2373702AEFBAFDF31D709E69 /* [CP] Check Pods Manifest.lock */,
				16F78DED22AB93BD0000DCCD /* Sources */,
				16F78DEE22AB93BD0000DCCD /* Frameworks */,
				16F78DEF22AB93BD0000DCCD /* Resources */,
				81B98EA130889C83BFCFC03A /* [CP] Embed Pods Frameworks */,
			);
			buildRules = (
			);
			dependencies = (
			);
			name = Nova;
			productName = Nova;
			productReference = 16F78DF122AB93BD0000DCCD /* Nova.app */;
			productType = "com.apple.product-type.application";
		};
		16F78E0422AB93BE0000DCCD /* NovaTests */ = {
			isa = PBXNativeTarget;
			buildConfigurationList = 16F78E1C22AB93BE0000DCCD /* Build configuration list for PBXNativeTarget "NovaTests" */;
			buildPhases = (
				16F78E0122AB93BE0000DCCD /* Sources */,
				16F78E0222AB93BE0000DCCD /* Frameworks */,
				16F78E0322AB93BE0000DCCD /* Resources */,
			);
			buildRules = (
			);
			dependencies = (
				16F78E0722AB93BE0000DCCD /* PBXTargetDependency */,
			);
			name = NovaTests;
			productName = NovaTests;
			productReference = 16F78E0522AB93BE0000DCCD /* NovaTests.xctest */;
			productType = "com.apple.product-type.bundle.unit-test";
		};
		16F78E0F22AB93BE0000DCCD /* NovaUITests */ = {
			isa = PBXNativeTarget;
			buildConfigurationList = 16F78E1F22AB93BE0000DCCD /* Build configuration list for PBXNativeTarget "NovaUITests" */;
			buildPhases = (
				16F78E0C22AB93BE0000DCCD /* Sources */,
				16F78E0D22AB93BE0000DCCD /* Frameworks */,
				16F78E0E22AB93BE0000DCCD /* Resources */,
			);
			buildRules = (
			);
			dependencies = (
				16F78E1222AB93BE0000DCCD /* PBXTargetDependency */,
			);
			name = NovaUITests;
			productName = NovaUITests;
			productReference = 16F78E1022AB93BE0000DCCD /* NovaUITests.xctest */;
			productType = "com.apple.product-type.bundle.ui-testing";
		};
/* End PBXNativeTarget section */

/* Begin PBXProject section */
		16F78DE922AB93BD0000DCCD /* Project object */ = {
			isa = PBXProject;
			attributes = {
				LastSwiftUpdateCheck = 1020;
				LastUpgradeCheck = 1020;
				ORGANIZATIONNAME = "Вильян Яумбаев";
				TargetAttributes = {
					16F78DF022AB93BD0000DCCD = {
						CreatedOnToolsVersion = 10.2.1;
					};
					16F78E0422AB93BE0000DCCD = {
						CreatedOnToolsVersion = 10.2.1;
						TestTargetID = 16F78DF022AB93BD0000DCCD;
					};
					16F78E0F22AB93BE0000DCCD = {
						CreatedOnToolsVersion = 10.2.1;
						TestTargetID = 16F78DF022AB93BD0000DCCD;
					};
				};
			};
			buildConfigurationList = 16F78DEC22AB93BD0000DCCD /* Build configuration list for PBXProject "Nova" */;
			compatibilityVersion = "Xcode 9.3";
			developmentRegion = en;
			hasScannedForEncodings = 0;
			knownRegions = (
				en,
				Base,
				ru,
			);
			mainGroup = 16F78DE822AB93BD0000DCCD;
			productRefGroup = 16F78DF222AB93BD0000DCCD /* Products */;
			projectDirPath = "";
			projectRoot = "";
			targets = (
				16F78DF022AB93BD0000DCCD /* Nova */,
				16F78E0422AB93BE0000DCCD /* NovaTests */,
				16F78E0F22AB93BE0000DCCD /* NovaUITests */,
			);
		};
/* End PBXProject section */

/* Begin PBXResourcesBuildPhase section */
		16F78DEF22AB93BD0000DCCD /* Resources */ = {
			isa = PBXResourcesBuildPhase;
			buildActionMask = 2147483647;
			files = (
				2398C71D22ABF750007A5421 /* GameFieldView.xib in Resources */,
				2398C71322ABD853007A5421 /* NovaTopBar.xib in Resources */,
				16F78DFF22AB93BE0000DCCD /* LaunchScreen.storyboard in Resources */,
				16377AD122ABACD8003AD022 /* localization.strings in Resources */,
				16F78DFC22AB93BE0000DCCD /* Assets.xcassets in Resources */,
				16F78DFA22AB93BD0000DCCD /* Main.storyboard in Resources */,
			);
			runOnlyForDeploymentPostprocessing = 0;
		};
		16F78E0322AB93BE0000DCCD /* Resources */ = {
			isa = PBXResourcesBuildPhase;
			buildActionMask = 2147483647;
			files = (
			);
			runOnlyForDeploymentPostprocessing = 0;
		};
		16F78E0E22AB93BE0000DCCD /* Resources */ = {
			isa = PBXResourcesBuildPhase;
			buildActionMask = 2147483647;
			files = (
			);
			runOnlyForDeploymentPostprocessing = 0;
		};
/* End PBXResourcesBuildPhase section */

/* Begin PBXShellScriptBuildPhase section */
		2373702AEFBAFDF31D709E69 /* [CP] Check Pods Manifest.lock */ = {
			isa = PBXShellScriptBuildPhase;
			buildActionMask = 2147483647;
			files = (
			);
			inputFileListPaths = (
			);
			inputPaths = (
				"${PODS_PODFILE_DIR_PATH}/Podfile.lock",
				"${PODS_ROOT}/Manifest.lock",
			);
			name = "[CP] Check Pods Manifest.lock";
			outputFileListPaths = (
			);
			outputPaths = (
				"$(DERIVED_FILE_DIR)/Pods-Nova-checkManifestLockResult.txt",
			);
			runOnlyForDeploymentPostprocessing = 0;
			shellPath = /bin/sh;
			shellScript = "diff \"${PODS_PODFILE_DIR_PATH}/Podfile.lock\" \"${PODS_ROOT}/Manifest.lock\" > /dev/null\nif [ $? != 0 ] ; then\n    # print error to STDERR\n    echo \"error: The sandbox is not in sync with the Podfile.lock. Run 'pod install' or update your CocoaPods installation.\" >&2\n    exit 1\nfi\n# This output is used by Xcode 'outputs' to avoid re-running this script phase.\necho \"SUCCESS\" > \"${SCRIPT_OUTPUT_FILE_0}\"\n";
			showEnvVarsInLog = 0;
		};
		81B98EA130889C83BFCFC03A /* [CP] Embed Pods Frameworks */ = {
			isa = PBXShellScriptBuildPhase;
			buildActionMask = 2147483647;
			files = (
			);
			inputFileListPaths = (
				"${PODS_ROOT}/Target Support Files/Pods-Nova/Pods-Nova-frameworks-${CONFIGURATION}-input-files.xcfilelist",
			);
			name = "[CP] Embed Pods Frameworks";
			outputFileListPaths = (
				"${PODS_ROOT}/Target Support Files/Pods-Nova/Pods-Nova-frameworks-${CONFIGURATION}-output-files.xcfilelist",
			);
			runOnlyForDeploymentPostprocessing = 0;
			shellPath = /bin/sh;
			shellScript = "\"${PODS_ROOT}/Target Support Files/Pods-Nova/Pods-Nova-frameworks.sh\"\n";
			showEnvVarsInLog = 0;
		};
/* End PBXShellScriptBuildPhase section */

/* Begin PBXSourcesBuildPhase section */
		16F78DED22AB93BD0000DCCD /* Sources */ = {
			isa = PBXSourcesBuildPhase;
			buildActionMask = 2147483647;
			files = (
				16D852F022ABF0AB00C4D38F /* KnowledgeModel.swift in Sources */,
				16377ADC22ABB29C003AD022 /* ToolsCollectionView.swift in Sources */,
				16377AC322ABA6DB003AD022 /* TabBarController.swift in Sources */,
				2398C72322AC134E007A5421 /* GameFieldView.swift in Sources */,
				16377AD622ABADA5003AD022 /* loc.swift in Sources */,
				16D852FD22AC04CB00C4D38F /* BaseVC.swift in Sources */,
				16377AE322ABB56A003AD022 /* ToolModel.swift in Sources */,
				2398C71722ABD87D007A5421 /* RoundButton.swift in Sources */,
				16377AD822ABAF95003AD022 /* NavigationVC.swift in Sources */,
				2398C72522AC21DF007A5421 /* TestVC.swift in Sources */,
				16377ADF22ABB4F6003AD022 /* ToolsVM.swift in Sources */,
				16377AE522ABB72E003AD022 /* VCNavigation.swift in Sources */,
				16377AE922ABB9D5003AD022 /* EnergyBar.swift in Sources */,
				16D852FB22ABF55000C4D38F /* CardCollectionCell.swift in Sources */,
				16D852F222ABF12100C4D38F /* KnowledgeCollectionView.swift in Sources */,
				2398C71922ABD887007A5421 /* RoundView.swift in Sources */,
				16D852E522ABE0F800C4D38F /* Colors.swift in Sources */,
				2398C72122AC11F4007A5421 /* UIView+extension.swift in Sources */,
				16377ACA22ABA9B0003AD022 /* ToolsVC.swift in Sources */,
				16F78DF522AB93BD0000DCCD /* AppDelegate.swift in Sources */,
				16D852EC22ABF08C00C4D38F /* KnowledgeVC.swift in Sources */,
				16377AC622ABA94F003AD022 /* GamePathVC.swift in Sources */,
				16377AF222ABC3DC003AD022 /* ReusableView.swift in Sources */,
				16D852EE22ABF09C00C4D38F /* KnowledgeVM.swift in Sources */,
				16D852E722ABE76B00C4D38F /* String+extension.swift in Sources */,
				2398C71522ABD866007A5421 /* NovaTopBar.swift in Sources */,
				16D852E922ABEF7500C4D38F /* SegmentedControl.swift in Sources */,
				16377AE722ABB950003AD022 /* BadgeView.swift in Sources */,
				16377AC822ABA95E003AD022 /* SettingsVC.swift in Sources */,
			);
			runOnlyForDeploymentPostprocessing = 0;
		};
		16F78E0122AB93BE0000DCCD /* Sources */ = {
			isa = PBXSourcesBuildPhase;
			buildActionMask = 2147483647;
			files = (
				16F78E0A22AB93BE0000DCCD /* NovaTests.swift in Sources */,
			);
			runOnlyForDeploymentPostprocessing = 0;
		};
		16F78E0C22AB93BE0000DCCD /* Sources */ = {
			isa = PBXSourcesBuildPhase;
			buildActionMask = 2147483647;
			files = (
				16F78E1522AB93BE0000DCCD /* NovaUITests.swift in Sources */,
			);
			runOnlyForDeploymentPostprocessing = 0;
		};
/* End PBXSourcesBuildPhase section */

/* Begin PBXTargetDependency section */
		16F78E0722AB93BE0000DCCD /* PBXTargetDependency */ = {
			isa = PBXTargetDependency;
			target = 16F78DF022AB93BD0000DCCD /* Nova */;
			targetProxy = 16F78E0622AB93BE0000DCCD /* PBXContainerItemProxy */;
		};
		16F78E1222AB93BE0000DCCD /* PBXTargetDependency */ = {
			isa = PBXTargetDependency;
			target = 16F78DF022AB93BD0000DCCD /* Nova */;
			targetProxy = 16F78E1122AB93BE0000DCCD /* PBXContainerItemProxy */;
		};
/* End PBXTargetDependency section */

/* Begin PBXVariantGroup section */
		16377AD322ABACD8003AD022 /* localization.strings */ = {
			isa = PBXVariantGroup;
			children = (
				16377AD222ABACD8003AD022 /* en */,
				16377AD422ABACF0003AD022 /* ru */,
			);
			name = localization.strings;
			sourceTree = "<group>";
		};
		16F78DF822AB93BD0000DCCD /* Main.storyboard */ = {
			isa = PBXVariantGroup;
			children = (
				16F78DF922AB93BD0000DCCD /* Base */,
			);
			name = Main.storyboard;
			sourceTree = "<group>";
		};
		16F78DFD22AB93BE0000DCCD /* LaunchScreen.storyboard */ = {
			isa = PBXVariantGroup;
			children = (
				16F78DFE22AB93BE0000DCCD /* Base */,
			);
			name = LaunchScreen.storyboard;
			sourceTree = "<group>";
		};
/* End PBXVariantGroup section */

/* Begin XCBuildConfiguration section */
		16F78E1722AB93BE0000DCCD /* Debug */ = {
			isa = XCBuildConfiguration;
			buildSettings = {
				ALWAYS_SEARCH_USER_PATHS = NO;
				CLANG_ANALYZER_LOCALIZABILITY_NONLOCALIZED = YES;
				CLANG_ANALYZER_NONNULL = YES;
				CLANG_ANALYZER_NUMBER_OBJECT_CONVERSION = YES_AGGRESSIVE;
				CLANG_CXX_LANGUAGE_STANDARD = "gnu++14";
				CLANG_CXX_LIBRARY = "libc++";
				CLANG_ENABLE_MODULES = YES;
				CLANG_ENABLE_OBJC_ARC = YES;
				CLANG_ENABLE_OBJC_WEAK = YES;
				CLANG_WARN_BLOCK_CAPTURE_AUTORELEASING = YES;
				CLANG_WARN_BOOL_CONVERSION = YES;
				CLANG_WARN_COMMA = YES;
				CLANG_WARN_CONSTANT_CONVERSION = YES;
				CLANG_WARN_DEPRECATED_OBJC_IMPLEMENTATIONS = YES;
				CLANG_WARN_DIRECT_OBJC_ISA_USAGE = YES_ERROR;
				CLANG_WARN_DOCUMENTATION_COMMENTS = YES;
				CLANG_WARN_EMPTY_BODY = YES;
				CLANG_WARN_ENUM_CONVERSION = YES;
				CLANG_WARN_INFINITE_RECURSION = YES;
				CLANG_WARN_INT_CONVERSION = YES;
				CLANG_WARN_NON_LITERAL_NULL_CONVERSION = YES;
				CLANG_WARN_OBJC_IMPLICIT_RETAIN_SELF = YES;
				CLANG_WARN_OBJC_LITERAL_CONVERSION = YES;
				CLANG_WARN_OBJC_ROOT_CLASS = YES_ERROR;
				CLANG_WARN_RANGE_LOOP_ANALYSIS = YES;
				CLANG_WARN_STRICT_PROTOTYPES = YES;
				CLANG_WARN_SUSPICIOUS_MOVE = YES;
				CLANG_WARN_UNGUARDED_AVAILABILITY = YES_AGGRESSIVE;
				CLANG_WARN_UNREACHABLE_CODE = YES;
				CLANG_WARN__DUPLICATE_METHOD_MATCH = YES;
				CODE_SIGN_IDENTITY = "iPhone Developer";
				COPY_PHASE_STRIP = NO;
				DEBUG_INFORMATION_FORMAT = dwarf;
				ENABLE_STRICT_OBJC_MSGSEND = YES;
				ENABLE_TESTABILITY = YES;
				GCC_C_LANGUAGE_STANDARD = gnu11;
				GCC_DYNAMIC_NO_PIC = NO;
				GCC_NO_COMMON_BLOCKS = YES;
				GCC_OPTIMIZATION_LEVEL = 0;
				GCC_PREPROCESSOR_DEFINITIONS = (
					"DEBUG=1",
					"$(inherited)",
				);
				GCC_WARN_64_TO_32_BIT_CONVERSION = YES;
				GCC_WARN_ABOUT_RETURN_TYPE = YES_ERROR;
				GCC_WARN_UNDECLARED_SELECTOR = YES;
				GCC_WARN_UNINITIALIZED_AUTOS = YES_AGGRESSIVE;
				GCC_WARN_UNUSED_FUNCTION = YES;
				GCC_WARN_UNUSED_VARIABLE = YES;
				IPHONEOS_DEPLOYMENT_TARGET = 12.2;
				MTL_ENABLE_DEBUG_INFO = INCLUDE_SOURCE;
				MTL_FAST_MATH = YES;
				ONLY_ACTIVE_ARCH = YES;
				SDKROOT = iphoneos;
				SWIFT_ACTIVE_COMPILATION_CONDITIONS = DEBUG;
				SWIFT_OPTIMIZATION_LEVEL = "-Onone";
			};
			name = Debug;
		};
		16F78E1822AB93BE0000DCCD /* Release */ = {
			isa = XCBuildConfiguration;
			buildSettings = {
				ALWAYS_SEARCH_USER_PATHS = NO;
				CLANG_ANALYZER_LOCALIZABILITY_NONLOCALIZED = YES;
				CLANG_ANALYZER_NONNULL = YES;
				CLANG_ANALYZER_NUMBER_OBJECT_CONVERSION = YES_AGGRESSIVE;
				CLANG_CXX_LANGUAGE_STANDARD = "gnu++14";
				CLANG_CXX_LIBRARY = "libc++";
				CLANG_ENABLE_MODULES = YES;
				CLANG_ENABLE_OBJC_ARC = YES;
				CLANG_ENABLE_OBJC_WEAK = YES;
				CLANG_WARN_BLOCK_CAPTURE_AUTORELEASING = YES;
				CLANG_WARN_BOOL_CONVERSION = YES;
				CLANG_WARN_COMMA = YES;
				CLANG_WARN_CONSTANT_CONVERSION = YES;
				CLANG_WARN_DEPRECATED_OBJC_IMPLEMENTATIONS = YES;
				CLANG_WARN_DIRECT_OBJC_ISA_USAGE = YES_ERROR;
				CLANG_WARN_DOCUMENTATION_COMMENTS = YES;
				CLANG_WARN_EMPTY_BODY = YES;
				CLANG_WARN_ENUM_CONVERSION = YES;
				CLANG_WARN_INFINITE_RECURSION = YES;
				CLANG_WARN_INT_CONVERSION = YES;
				CLANG_WARN_NON_LITERAL_NULL_CONVERSION = YES;
				CLANG_WARN_OBJC_IMPLICIT_RETAIN_SELF = YES;
				CLANG_WARN_OBJC_LITERAL_CONVERSION = YES;
				CLANG_WARN_OBJC_ROOT_CLASS = YES_ERROR;
				CLANG_WARN_RANGE_LOOP_ANALYSIS = YES;
				CLANG_WARN_STRICT_PROTOTYPES = YES;
				CLANG_WARN_SUSPICIOUS_MOVE = YES;
				CLANG_WARN_UNGUARDED_AVAILABILITY = YES_AGGRESSIVE;
				CLANG_WARN_UNREACHABLE_CODE = YES;
				CLANG_WARN__DUPLICATE_METHOD_MATCH = YES;
				CODE_SIGN_IDENTITY = "iPhone Developer";
				COPY_PHASE_STRIP = NO;
				DEBUG_INFORMATION_FORMAT = "dwarf-with-dsym";
				ENABLE_NS_ASSERTIONS = NO;
				ENABLE_STRICT_OBJC_MSGSEND = YES;
				GCC_C_LANGUAGE_STANDARD = gnu11;
				GCC_NO_COMMON_BLOCKS = YES;
				GCC_WARN_64_TO_32_BIT_CONVERSION = YES;
				GCC_WARN_ABOUT_RETURN_TYPE = YES_ERROR;
				GCC_WARN_UNDECLARED_SELECTOR = YES;
				GCC_WARN_UNINITIALIZED_AUTOS = YES_AGGRESSIVE;
				GCC_WARN_UNUSED_FUNCTION = YES;
				GCC_WARN_UNUSED_VARIABLE = YES;
				IPHONEOS_DEPLOYMENT_TARGET = 12.2;
				MTL_ENABLE_DEBUG_INFO = NO;
				MTL_FAST_MATH = YES;
				SDKROOT = iphoneos;
				SWIFT_COMPILATION_MODE = wholemodule;
				SWIFT_OPTIMIZATION_LEVEL = "-O";
				VALIDATE_PRODUCT = YES;
			};
			name = Release;
		};
		16F78E1A22AB93BE0000DCCD /* Debug */ = {
			isa = XCBuildConfiguration;
			baseConfigurationReference = 784A578BF499E1BC9CC12DA0 /* Pods-Nova.debug.xcconfig */;
			buildSettings = {
				ASSETCATALOG_COMPILER_APPICON_NAME = AppIcon;
				CODE_SIGN_STYLE = Automatic;
				DEVELOPMENT_TEAM = HDF5KZUR3R;
				INFOPLIST_FILE = "$(SRCROOT)/Nova/SupportinsFiles/Info.plist";
				IPHONEOS_DEPLOYMENT_TARGET = 10.0;
				LD_RUNPATH_SEARCH_PATHS = (
					"$(inherited)",
					"@executable_path/Frameworks",
				);
				PRODUCT_BUNDLE_IDENTIFIER = com.hackathon.Nova;
				PRODUCT_NAME = "$(TARGET_NAME)";
				SWIFT_VERSION = 5.0;
				TARGETED_DEVICE_FAMILY = "1,2";
			};
			name = Debug;
		};
		16F78E1B22AB93BE0000DCCD /* Release */ = {
			isa = XCBuildConfiguration;
			baseConfigurationReference = D15DF0B31F114203AD95C06E /* Pods-Nova.release.xcconfig */;
			buildSettings = {
				ASSETCATALOG_COMPILER_APPICON_NAME = AppIcon;
				CODE_SIGN_STYLE = Automatic;
				DEVELOPMENT_TEAM = HDF5KZUR3R;
				INFOPLIST_FILE = "$(SRCROOT)/Nova/SupportinsFiles/Info.plist";
				IPHONEOS_DEPLOYMENT_TARGET = 10.0;
				LD_RUNPATH_SEARCH_PATHS = (
					"$(inherited)",
					"@executable_path/Frameworks",
				);
				PRODUCT_BUNDLE_IDENTIFIER = com.hackathon.Nova;
				PRODUCT_NAME = "$(TARGET_NAME)";
				SWIFT_VERSION = 5.0;
				TARGETED_DEVICE_FAMILY = "1,2";
			};
			name = Release;
		};
		16F78E1D22AB93BE0000DCCD /* Debug */ = {
			isa = XCBuildConfiguration;
			buildSettings = {
				ALWAYS_EMBED_SWIFT_STANDARD_LIBRARIES = YES;
				BUNDLE_LOADER = "$(TEST_HOST)";
				CODE_SIGN_STYLE = Automatic;
				DEVELOPMENT_TEAM = HDF5KZUR3R;
				INFOPLIST_FILE = NovaTests/Info.plist;
				LD_RUNPATH_SEARCH_PATHS = (
					"$(inherited)",
					"@executable_path/Frameworks",
					"@loader_path/Frameworks",
				);
				PRODUCT_BUNDLE_IDENTIFIER = hackathon.NovaTests;
				PRODUCT_NAME = "$(TARGET_NAME)";
				SWIFT_VERSION = 5.0;
				TARGETED_DEVICE_FAMILY = "1,2";
				TEST_HOST = "$(BUILT_PRODUCTS_DIR)/Nova.app/Nova";
			};
			name = Debug;
		};
		16F78E1E22AB93BE0000DCCD /* Release */ = {
			isa = XCBuildConfiguration;
			buildSettings = {
				ALWAYS_EMBED_SWIFT_STANDARD_LIBRARIES = YES;
				BUNDLE_LOADER = "$(TEST_HOST)";
				CODE_SIGN_STYLE = Automatic;
				DEVELOPMENT_TEAM = HDF5KZUR3R;
				INFOPLIST_FILE = NovaTests/Info.plist;
				LD_RUNPATH_SEARCH_PATHS = (
					"$(inherited)",
					"@executable_path/Frameworks",
					"@loader_path/Frameworks",
				);
				PRODUCT_BUNDLE_IDENTIFIER = hackathon.NovaTests;
				PRODUCT_NAME = "$(TARGET_NAME)";
				SWIFT_VERSION = 5.0;
				TARGETED_DEVICE_FAMILY = "1,2";
				TEST_HOST = "$(BUILT_PRODUCTS_DIR)/Nova.app/Nova";
			};
			name = Release;
		};
		16F78E2022AB93BE0000DCCD /* Debug */ = {
			isa = XCBuildConfiguration;
			buildSettings = {
				ALWAYS_EMBED_SWIFT_STANDARD_LIBRARIES = YES;
				CODE_SIGN_STYLE = Automatic;
				DEVELOPMENT_TEAM = HDF5KZUR3R;
				INFOPLIST_FILE = NovaUITests/Info.plist;
				LD_RUNPATH_SEARCH_PATHS = (
					"$(inherited)",
					"@executable_path/Frameworks",
					"@loader_path/Frameworks",
				);
				PRODUCT_BUNDLE_IDENTIFIER = hackathon.NovaUITests;
				PRODUCT_NAME = "$(TARGET_NAME)";
				SWIFT_VERSION = 5.0;
				TARGETED_DEVICE_FAMILY = "1,2";
				TEST_TARGET_NAME = Nova;
			};
			name = Debug;
		};
		16F78E2122AB93BE0000DCCD /* Release */ = {
			isa = XCBuildConfiguration;
			buildSettings = {
				ALWAYS_EMBED_SWIFT_STANDARD_LIBRARIES = YES;
				CODE_SIGN_STYLE = Automatic;
				DEVELOPMENT_TEAM = HDF5KZUR3R;
				INFOPLIST_FILE = NovaUITests/Info.plist;
				LD_RUNPATH_SEARCH_PATHS = (
					"$(inherited)",
					"@executable_path/Frameworks",
					"@loader_path/Frameworks",
				);
				PRODUCT_BUNDLE_IDENTIFIER = hackathon.NovaUITests;
				PRODUCT_NAME = "$(TARGET_NAME)";
				SWIFT_VERSION = 5.0;
				TARGETED_DEVICE_FAMILY = "1,2";
				TEST_TARGET_NAME = Nova;
			};
			name = Release;
		};
/* End XCBuildConfiguration section */

/* Begin XCConfigurationList section */
		16F78DEC22AB93BD0000DCCD /* Build configuration list for PBXProject "Nova" */ = {
			isa = XCConfigurationList;
			buildConfigurations = (
				16F78E1722AB93BE0000DCCD /* Debug */,
				16F78E1822AB93BE0000DCCD /* Release */,
			);
			defaultConfigurationIsVisible = 0;
			defaultConfigurationName = Release;
		};
		16F78E1922AB93BE0000DCCD /* Build configuration list for PBXNativeTarget "Nova" */ = {
			isa = XCConfigurationList;
			buildConfigurations = (
				16F78E1A22AB93BE0000DCCD /* Debug */,
				16F78E1B22AB93BE0000DCCD /* Release */,
			);
			defaultConfigurationIsVisible = 0;
			defaultConfigurationName = Release;
		};
		16F78E1C22AB93BE0000DCCD /* Build configuration list for PBXNativeTarget "NovaTests" */ = {
			isa = XCConfigurationList;
			buildConfigurations = (
				16F78E1D22AB93BE0000DCCD /* Debug */,
				16F78E1E22AB93BE0000DCCD /* Release */,
			);
			defaultConfigurationIsVisible = 0;
			defaultConfigurationName = Release;
		};
		16F78E1F22AB93BE0000DCCD /* Build configuration list for PBXNativeTarget "NovaUITests" */ = {
			isa = XCConfigurationList;
			buildConfigurations = (
				16F78E2022AB93BE0000DCCD /* Debug */,
				16F78E2122AB93BE0000DCCD /* Release */,
			);
			defaultConfigurationIsVisible = 0;
			defaultConfigurationName = Release;
		};
/* End XCConfigurationList section */
	};
	rootObject = 16F78DE922AB93BD0000DCCD /* Project object */;
}
